// !$*UTF8*$!
{
	archiveVersion = 1;
	classes = {
	};
	objectVersion = 56;
	objects = {

/* Begin PBXBuildFile section */
		6B4E895E2CADD29F00DEF259 /* AppetizerListViewModel.swift in Sources */ = {isa = PBXBuildFile; fileRef = 6B4E895D2CADD29F00DEF259 /* AppetizerListViewModel.swift */; };
		6B4E89602CADD74400DEF259 /* Alert.swift in Sources */ = {isa = PBXBuildFile; fileRef = 6B4E895F2CADD74400DEF259 /* Alert.swift */; };
		6B4E89622CADDE8400DEF259 /* LoadingView.swift in Sources */ = {isa = PBXBuildFile; fileRef = 6B4E89612CADDE8400DEF259 /* LoadingView.swift */; };
		6B4E89642CADDF5A00DEF259 /* Color+Ext.swift in Sources */ = {isa = PBXBuildFile; fileRef = 6B4E89632CADDF5A00DEF259 /* Color+Ext.swift */; };
		6B4E89662CADE8B300DEF259 /* RemoteImage.swift in Sources */ = {isa = PBXBuildFile; fileRef = 6B4E89652CADE8B300DEF259 /* RemoteImage.swift */; };
		6B4E89772CB5C13900DEF259 /* AppetizerDetailView.swift in Sources */ = {isa = PBXBuildFile; fileRef = 6B4E89762CB5C13900DEF259 /* AppetizerDetailView.swift */; };
		6B4E897A2CB6CAA100DEF259 /* APButton.swift in Sources */ = {isa = PBXBuildFile; fileRef = 6B4E89792CB6CAA100DEF259 /* APButton.swift */; };
		6B4E897C2CB6CB8200DEF259 /* XDismissButton.swift in Sources */ = {isa = PBXBuildFile; fileRef = 6B4E897B2CB6CB8200DEF259 /* XDismissButton.swift */; };
		6B5045BC2CAD6410007C96ED /* AppetizerApp.swift in Sources */ = {isa = PBXBuildFile; fileRef = 6B5045BB2CAD6410007C96ED /* AppetizerApp.swift */; };
		6B5045C02CAD6414007C96ED /* Assets.xcassets in Resources */ = {isa = PBXBuildFile; fileRef = 6B5045BF2CAD6414007C96ED /* Assets.xcassets */; };
		6B5045C32CAD6414007C96ED /* Preview Assets.xcassets in Resources */ = {isa = PBXBuildFile; fileRef = 6B5045C22CAD6414007C96ED /* Preview Assets.xcassets */; };
		6B5045CA2CAD644F007C96ED /* AppetizerTabView.swift in Sources */ = {isa = PBXBuildFile; fileRef = 6B5045C92CAD644F007C96ED /* AppetizerTabView.swift */; };
		6B5045CC2CAD64AA007C96ED /* AppetizerListView.swift in Sources */ = {isa = PBXBuildFile; fileRef = 6B5045CB2CAD64AA007C96ED /* AppetizerListView.swift */; };
		6B5045CE2CAD64BA007C96ED /* AccountView.swift in Sources */ = {isa = PBXBuildFile; fileRef = 6B5045CD2CAD64BA007C96ED /* AccountView.swift */; };
		6B5045D02CAD64C3007C96ED /* OrderView.swift in Sources */ = {isa = PBXBuildFile; fileRef = 6B5045CF2CAD64C3007C96ED /* OrderView.swift */; };
		6B5045D22CAD6F96007C96ED /* Appetizer.swift in Sources */ = {isa = PBXBuildFile; fileRef = 6B5045D12CAD6F96007C96ED /* Appetizer.swift */; };
		6B5045D62CAD9509007C96ED /* AppetizerListCell.swift in Sources */ = {isa = PBXBuildFile; fileRef = 6B5045D52CAD9509007C96ED /* AppetizerListCell.swift */; };
		6B5045D82CADABA9007C96ED /* NetworkManager.swift in Sources */ = {isa = PBXBuildFile; fileRef = 6B5045D72CADABA8007C96ED /* NetworkManager.swift */; };
		6B5045DA2CADAD12007C96ED /* APError.swift in Sources */ = {isa = PBXBuildFile; fileRef = 6B5045D92CADAD12007C96ED /* APError.swift */; };
		6B7D38E42CB7059000AF076E /* AccountViewModel.swift in Sources */ = {isa = PBXBuildFile; fileRef = 6B7D38E32CB7059000AF076E /* AccountViewModel.swift */; };
		6B7D38E62CB70B2800AF076E /* String+Ext.swift in Sources */ = {isa = PBXBuildFile; fileRef = 6B7D38E52CB70B2800AF076E /* String+Ext.swift */; };
		6B7D38E82CB7176B00AF076E /* User.swift in Sources */ = {isa = PBXBuildFile; fileRef = 6B7D38E72CB7176B00AF076E /* User.swift */; };
/* End PBXBuildFile section */

/* Begin PBXFileReference section */
		6B4E895D2CADD29F00DEF259 /* AppetizerListViewModel.swift */ = {isa = PBXFileReference; lastKnownFileType = sourcecode.swift; path = AppetizerListViewModel.swift; sourceTree = "<group>"; };
		6B4E895F2CADD74400DEF259 /* Alert.swift */ = {isa = PBXFileReference; lastKnownFileType = sourcecode.swift; path = Alert.swift; sourceTree = "<group>"; };
		6B4E89612CADDE8400DEF259 /* LoadingView.swift */ = {isa = PBXFileReference; lastKnownFileType = sourcecode.swift; path = LoadingView.swift; sourceTree = "<group>"; };
		6B4E89632CADDF5A00DEF259 /* Color+Ext.swift */ = {isa = PBXFileReference; lastKnownFileType = sourcecode.swift; path = "Color+Ext.swift"; sourceTree = "<group>"; };
		6B4E89652CADE8B300DEF259 /* RemoteImage.swift */ = {isa = PBXFileReference; lastKnownFileType = sourcecode.swift; path = RemoteImage.swift; sourceTree = "<group>"; };
		6B4E89762CB5C13900DEF259 /* AppetizerDetailView.swift */ = {isa = PBXFileReference; lastKnownFileType = sourcecode.swift; path = AppetizerDetailView.swift; sourceTree = "<group>"; };
		6B4E89792CB6CAA100DEF259 /* APButton.swift */ = {isa = PBXFileReference; lastKnownFileType = sourcecode.swift; path = APButton.swift; sourceTree = "<group>"; };
		6B4E897B2CB6CB8200DEF259 /* XDismissButton.swift */ = {isa = PBXFileReference; lastKnownFileType = sourcecode.swift; path = XDismissButton.swift; sourceTree = "<group>"; };
		6B5045B82CAD6410007C96ED /* Appetizer.app */ = {isa = PBXFileReference; explicitFileType = wrapper.application; includeInIndex = 0; path = Appetizer.app; sourceTree = BUILT_PRODUCTS_DIR; };
		6B5045BB2CAD6410007C96ED /* AppetizerApp.swift */ = {isa = PBXFileReference; lastKnownFileType = sourcecode.swift; path = AppetizerApp.swift; sourceTree = "<group>"; };
		6B5045BF2CAD6414007C96ED /* Assets.xcassets */ = {isa = PBXFileReference; lastKnownFileType = folder.assetcatalog; path = Assets.xcassets; sourceTree = "<group>"; };
		6B5045C22CAD6414007C96ED /* Preview Assets.xcassets */ = {isa = PBXFileReference; lastKnownFileType = folder.assetcatalog; path = "Preview Assets.xcassets"; sourceTree = "<group>"; };
		6B5045C92CAD644F007C96ED /* AppetizerTabView.swift */ = {isa = PBXFileReference; lastKnownFileType = sourcecode.swift; path = AppetizerTabView.swift; sourceTree = "<group>"; };
		6B5045CB2CAD64AA007C96ED /* AppetizerListView.swift */ = {isa = PBXFileReference; lastKnownFileType = sourcecode.swift; path = AppetizerListView.swift; sourceTree = "<group>"; };
		6B5045CD2CAD64BA007C96ED /* AccountView.swift */ = {isa = PBXFileReference; lastKnownFileType = sourcecode.swift; path = AccountView.swift; sourceTree = "<group>"; };
		6B5045CF2CAD64C3007C96ED /* OrderView.swift */ = {isa = PBXFileReference; lastKnownFileType = sourcecode.swift; path = OrderView.swift; sourceTree = "<group>"; };
		6B5045D12CAD6F96007C96ED /* Appetizer.swift */ = {isa = PBXFileReference; lastKnownFileType = sourcecode.swift; path = Appetizer.swift; sourceTree = "<group>"; };
		6B5045D52CAD9509007C96ED /* AppetizerListCell.swift */ = {isa = PBXFileReference; lastKnownFileType = sourcecode.swift; path = AppetizerListCell.swift; sourceTree = "<group>"; };
		6B5045D72CADABA8007C96ED /* NetworkManager.swift */ = {isa = PBXFileReference; lastKnownFileType = sourcecode.swift; path = NetworkManager.swift; sourceTree = "<group>"; };
		6B5045D92CADAD12007C96ED /* APError.swift */ = {isa = PBXFileReference; lastKnownFileType = sourcecode.swift; path = APError.swift; sourceTree = "<group>"; };
		6B7D38E32CB7059000AF076E /* AccountViewModel.swift */ = {isa = PBXFileReference; lastKnownFileType = sourcecode.swift; path = AccountViewModel.swift; sourceTree = "<group>"; };
		6B7D38E52CB70B2800AF076E /* String+Ext.swift */ = {isa = PBXFileReference; lastKnownFileType = sourcecode.swift; path = "String+Ext.swift"; sourceTree = "<group>"; };
		6B7D38E72CB7176B00AF076E /* User.swift */ = {isa = PBXFileReference; lastKnownFileType = sourcecode.swift; path = User.swift; sourceTree = "<group>"; };
/* End PBXFileReference section */

/* Begin PBXFrameworksBuildPhase section */
		6B5045B52CAD6410007C96ED /* Frameworks */ = {
			isa = PBXFrameworksBuildPhase;
			buildActionMask = 2147483647;
			files = (
			);
			runOnlyForDeploymentPostprocessing = 0;
		};
/* End PBXFrameworksBuildPhase section */

/* Begin PBXGroup section */
		6B4E89672CB5950200DEF259 /* Screens */ = {
			isa = PBXGroup;
			children = (
				6B5045C92CAD644F007C96ED /* AppetizerTabView.swift */,
				6B4E89682CB5950D00DEF259 /* AppetizerListView */,
				6B4E89692CB5951D00DEF259 /* AccountView */,
				6B4E896A2CB5952800DEF259 /* OrderView */,
			);
			path = Screens;
			sourceTree = "<group>";
		};
		6B4E89682CB5950D00DEF259 /* AppetizerListView */ = {
			isa = PBXGroup;
			children = (
				6B4E895D2CADD29F00DEF259 /* AppetizerListViewModel.swift */,
				6B5045CB2CAD64AA007C96ED /* AppetizerListView.swift */,
				6B4E89762CB5C13900DEF259 /* AppetizerDetailView.swift */,
			);
			path = AppetizerListView;
			sourceTree = "<group>";
		};
		6B4E89692CB5951D00DEF259 /* AccountView */ = {
			isa = PBXGroup;
			children = (
				6B7D38E32CB7059000AF076E /* AccountViewModel.swift */,
				6B5045CD2CAD64BA007C96ED /* AccountView.swift */,
			);
			path = AccountView;
			sourceTree = "<group>";
		};
		6B4E896A2CB5952800DEF259 /* OrderView */ = {
			isa = PBXGroup;
			children = (
				6B5045CF2CAD64C3007C96ED /* OrderView.swift */,
			);
			path = OrderView;
			sourceTree = "<group>";
		};
		6B4E896B2CB5957100DEF259 /* Utilities */ = {
			isa = PBXGroup;
			children = (
				6B4E896F2CB595B200DEF259 /* Alerts */,
				6B4E896E2CB5958D00DEF259 /* Extensions */,
				6B4E896C2CB5957D00DEF259 /* Managers */,
			);
			path = Utilities;
			sourceTree = "<group>";
		};
		6B4E896C2CB5957D00DEF259 /* Managers */ = {
			isa = PBXGroup;
			children = (
				6B5045D72CADABA8007C96ED /* NetworkManager.swift */,
			);
			path = Managers;
			sourceTree = "<group>";
		};
		6B4E896E2CB5958D00DEF259 /* Extensions */ = {
			isa = PBXGroup;
			children = (
				6B4E89632CADDF5A00DEF259 /* Color+Ext.swift */,
				6B7D38E52CB70B2800AF076E /* String+Ext.swift */,
			);
			path = Extensions;
			sourceTree = "<group>";
		};
		6B4E896F2CB595B200DEF259 /* Alerts */ = {
			isa = PBXGroup;
			children = (
				6B4E895F2CADD74400DEF259 /* Alert.swift */,
				6B5045D92CADAD12007C96ED /* APError.swift */,
			);
			path = Alerts;
			sourceTree = "<group>";
		};
		6B4E89702CB595D600DEF259 /* Model */ = {
			isa = PBXGroup;
			children = (
				6B5045D12CAD6F96007C96ED /* Appetizer.swift */,
				6B7D38E72CB7176B00AF076E /* User.swift */,
			);
			path = Model;
			sourceTree = "<group>";
		};
		6B4E89712CB595FC00DEF259 /* Views */ = {
			isa = PBXGroup;
			children = (
				6B4E89782CB6CA8B00DEF259 /* Buttons */,
				6B4E89752CB5964900DEF259 /* Image */,
				6B4E89742CB5961E00DEF259 /* Cells */,
				6B4E89722CB5960700DEF259 /* UIKit Components */,
			);
			path = Views;
			sourceTree = "<group>";
		};
		6B4E89722CB5960700DEF259 /* UIKit Components */ = {
			isa = PBXGroup;
			children = (
				6B4E89612CADDE8400DEF259 /* LoadingView.swift */,
			);
			path = "UIKit Components";
			sourceTree = "<group>";
		};
		6B4E89742CB5961E00DEF259 /* Cells */ = {
			isa = PBXGroup;
			children = (
				6B5045D52CAD9509007C96ED /* AppetizerListCell.swift */,
			);
			path = Cells;
			sourceTree = "<group>";
		};
		6B4E89752CB5964900DEF259 /* Image */ = {
			isa = PBXGroup;
			children = (
				6B4E89652CADE8B300DEF259 /* RemoteImage.swift */,
			);
			path = Image;
			sourceTree = "<group>";
		};
		6B4E89782CB6CA8B00DEF259 /* Buttons */ = {
			isa = PBXGroup;
			children = (
				6B4E89792CB6CAA100DEF259 /* APButton.swift */,
				6B4E897B2CB6CB8200DEF259 /* XDismissButton.swift */,
			);
			path = Buttons;
			sourceTree = "<group>";
		};
		6B5045AF2CAD6410007C96ED = {
			isa = PBXGroup;
			children = (
				6B5045BA2CAD6410007C96ED /* Appetizer */,
				6B5045B92CAD6410007C96ED /* Products */,
			);
			sourceTree = "<group>";
		};
		6B5045B92CAD6410007C96ED /* Products */ = {
			isa = PBXGroup;
			children = (
				6B5045B82CAD6410007C96ED /* Appetizer.app */,
			);
			name = Products;
			sourceTree = "<group>";
		};
		6B5045BA2CAD6410007C96ED /* Appetizer */ = {
			isa = PBXGroup;
			children = (
				6B4E89702CB595D600DEF259 /* Model */,
				6B4E896B2CB5957100DEF259 /* Utilities */,
				6B4E89712CB595FC00DEF259 /* Views */,
				6B4E89672CB5950200DEF259 /* Screens */,
				6B5045BB2CAD6410007C96ED /* AppetizerApp.swift */,
				6B5045BF2CAD6414007C96ED /* Assets.xcassets */,
				6B5045C12CAD6414007C96ED /* Preview Content */,
			);
			path = Appetizer;
			sourceTree = "<group>";
		};
		6B5045C12CAD6414007C96ED /* Preview Content */ = {
			isa = PBXGroup;
			children = (
				6B5045C22CAD6414007C96ED /* Preview Assets.xcassets */,
			);
			path = "Preview Content";
			sourceTree = "<group>";
		};
/* End PBXGroup section */

/* Begin PBXNativeTarget section */
		6B5045B72CAD6410007C96ED /* Appetizer */ = {
			isa = PBXNativeTarget;
			buildConfigurationList = 6B5045C62CAD6414007C96ED /* Build configuration list for PBXNativeTarget "Appetizer" */;
			buildPhases = (
				6B5045B42CAD6410007C96ED /* Sources */,
				6B5045B52CAD6410007C96ED /* Frameworks */,
				6B5045B62CAD6410007C96ED /* Resources */,
			);
			buildRules = (
			);
			dependencies = (
			);
			name = Appetizer;
			productName = Appetizer;
			productReference = 6B5045B82CAD6410007C96ED /* Appetizer.app */;
			productType = "com.apple.product-type.application";
		};
/* End PBXNativeTarget section */

/* Begin PBXProject section */
		6B5045B02CAD6410007C96ED /* Project object */ = {
			isa = PBXProject;
			attributes = {
				BuildIndependentTargetsInParallel = 1;
				LastSwiftUpdateCheck = 1420;
				LastUpgradeCheck = 1420;
				TargetAttributes = {
					6B5045B72CAD6410007C96ED = {
						CreatedOnToolsVersion = 14.2;
					};
				};
			};
			buildConfigurationList = 6B5045B32CAD6410007C96ED /* Build configuration list for PBXProject "Appetizer" */;
			compatibilityVersion = "Xcode 14.0";
			developmentRegion = en;
			hasScannedForEncodings = 0;
			knownRegions = (
				en,
				Base,
			);
			mainGroup = 6B5045AF2CAD6410007C96ED;
			productRefGroup = 6B5045B92CAD6410007C96ED /* Products */;
			projectDirPath = "";
			projectRoot = "";
			targets = (
				6B5045B72CAD6410007C96ED /* Appetizer */,
			);
		};
/* End PBXProject section */

/* Begin PBXResourcesBuildPhase section */
		6B5045B62CAD6410007C96ED /* Resources */ = {
			isa = PBXResourcesBuildPhase;
			buildActionMask = 2147483647;
			files = (
				6B5045C32CAD6414007C96ED /* Preview Assets.xcassets in Resources */,
				6B5045C02CAD6414007C96ED /* Assets.xcassets in Resources */,
			);
			runOnlyForDeploymentPostprocessing = 0;
		};
/* End PBXResourcesBuildPhase section */

/* Begin PBXSourcesBuildPhase section */
		6B5045B42CAD6410007C96ED /* Sources */ = {
			isa = PBXSourcesBuildPhase;
			buildActionMask = 2147483647;
			files = (
				6B5045D22CAD6F96007C96ED /* Appetizer.swift in Sources */,
				6B5045DA2CADAD12007C96ED /* APError.swift in Sources */,
				6B4E897C2CB6CB8200DEF259 /* XDismissButton.swift in Sources */,
				6B5045CE2CAD64BA007C96ED /* AccountView.swift in Sources */,
				6B7D38E42CB7059000AF076E /* AccountViewModel.swift in Sources */,
				6B4E895E2CADD29F00DEF259 /* AppetizerListViewModel.swift in Sources */,
				6B4E89642CADDF5A00DEF259 /* Color+Ext.swift in Sources */,
				6B5045D62CAD9509007C96ED /* AppetizerListCell.swift in Sources */,
				6B7D38E82CB7176B00AF076E /* User.swift in Sources */,
				6B4E897A2CB6CAA100DEF259 /* APButton.swift in Sources */,
				6B4E89622CADDE8400DEF259 /* LoadingView.swift in Sources */,
				6B5045CA2CAD644F007C96ED /* AppetizerTabView.swift in Sources */,
				6B5045D82CADABA9007C96ED /* NetworkManager.swift in Sources */,
				6B4E89662CADE8B300DEF259 /* RemoteImage.swift in Sources */,
				6B7D38E62CB70B2800AF076E /* String+Ext.swift in Sources */,
				6B4E89772CB5C13900DEF259 /* AppetizerDetailView.swift in Sources */,
				6B5045BC2CAD6410007C96ED /* AppetizerApp.swift in Sources */,
				6B4E89602CADD74400DEF259 /* Alert.swift in Sources */,
				6B5045CC2CAD64AA007C96ED /* AppetizerListView.swift in Sources */,
				6B5045D02CAD64C3007C96ED /* OrderView.swift in Sources */,
			);
			runOnlyForDeploymentPostprocessing = 0;
		};
/* End PBXSourcesBuildPhase section */

/* Begin XCBuildConfiguration section */
		6B5045C42CAD6414007C96ED /* Debug */ = {
			isa = XCBuildConfiguration;
			buildSettings = {
				ALWAYS_SEARCH_USER_PATHS = NO;
				CLANG_ANALYZER_NONNULL = YES;
				CLANG_ANALYZER_NUMBER_OBJECT_CONVERSION = YES_AGGRESSIVE;
				CLANG_CXX_LANGUAGE_STANDARD = "gnu++20";
				CLANG_ENABLE_MODULES = YES;
				CLANG_ENABLE_OBJC_ARC = YES;
				CLANG_ENABLE_OBJC_WEAK = YES;
				CLANG_WARN_BLOCK_CAPTURE_AUTORELEASING = YES;
				CLANG_WARN_BOOL_CONVERSION = YES;
				CLANG_WARN_COMMA = YES;
				CLANG_WARN_CONSTANT_CONVERSION = YES;
				CLANG_WARN_DEPRECATED_OBJC_IMPLEMENTATIONS = YES;
				CLANG_WARN_DIRECT_OBJC_ISA_USAGE = YES_ERROR;
				CLANG_WARN_DOCUMENTATION_COMMENTS = YES;
				CLANG_WARN_EMPTY_BODY = YES;
				CLANG_WARN_ENUM_CONVERSION = YES;
				CLANG_WARN_INFINITE_RECURSION = YES;
				CLANG_WARN_INT_CONVERSION = YES;
				CLANG_WARN_NON_LITERAL_NULL_CONVERSION = YES;
				CLANG_WARN_OBJC_IMPLICIT_RETAIN_SELF = YES;
				CLANG_WARN_OBJC_LITERAL_CONVERSION = YES;
				CLANG_WARN_OBJC_ROOT_CLASS = YES_ERROR;
				CLANG_WARN_QUOTED_INCLUDE_IN_FRAMEWORK_HEADER = YES;
				CLANG_WARN_RANGE_LOOP_ANALYSIS = YES;
				CLANG_WARN_STRICT_PROTOTYPES = YES;
				CLANG_WARN_SUSPICIOUS_MOVE = YES;
				CLANG_WARN_UNGUARDED_AVAILABILITY = YES_AGGRESSIVE;
				CLANG_WARN_UNREACHABLE_CODE = YES;
				CLANG_WARN__DUPLICATE_METHOD_MATCH = YES;
				COPY_PHASE_STRIP = NO;
				DEBUG_INFORMATION_FORMAT = dwarf;
				ENABLE_STRICT_OBJC_MSGSEND = YES;
				ENABLE_TESTABILITY = YES;
				GCC_C_LANGUAGE_STANDARD = gnu11;
				GCC_DYNAMIC_NO_PIC = NO;
				GCC_NO_COMMON_BLOCKS = YES;
				GCC_OPTIMIZATION_LEVEL = 0;
				GCC_PREPROCESSOR_DEFINITIONS = (
					"DEBUG=1",
					"$(inherited)",
				);
				GCC_WARN_64_TO_32_BIT_CONVERSION = YES;
				GCC_WARN_ABOUT_RETURN_TYPE = YES_ERROR;
				GCC_WARN_UNDECLARED_SELECTOR = YES;
				GCC_WARN_UNINITIALIZED_AUTOS = YES_AGGRESSIVE;
				GCC_WARN_UNUSED_FUNCTION = YES;
				GCC_WARN_UNUSED_VARIABLE = YES;
				IPHONEOS_DEPLOYMENT_TARGET = 16.2;
				MTL_ENABLE_DEBUG_INFO = INCLUDE_SOURCE;
				MTL_FAST_MATH = YES;
				ONLY_ACTIVE_ARCH = YES;
				SDKROOT = iphoneos;
				SWIFT_ACTIVE_COMPILATION_CONDITIONS = DEBUG;
				SWIFT_OPTIMIZATION_LEVEL = "-Onone";
			};
			name = Debug;
		};
		6B5045C52CAD6414007C96ED /* Release */ = {
			isa = XCBuildConfiguration;
			buildSettings = {
				ALWAYS_SEARCH_USER_PATHS = NO;
				CLANG_ANALYZER_NONNULL = YES;
				CLANG_ANALYZER_NUMBER_OBJECT_CONVERSION = YES_AGGRESSIVE;
				CLANG_CXX_LANGUAGE_STANDARD = "gnu++20";
				CLANG_ENABLE_MODULES = YES;
				CLANG_ENABLE_OBJC_ARC = YES;
				CLANG_ENABLE_OBJC_WEAK = YES;
				CLANG_WARN_BLOCK_CAPTURE_AUTORELEASING = YES;
				CLANG_WARN_BOOL_CONVERSION = YES;
				CLANG_WARN_COMMA = YES;
				CLANG_WARN_CONSTANT_CONVERSION = YES;
				CLANG_WARN_DEPRECATED_OBJC_IMPLEMENTATIONS = YES;
				CLANG_WARN_DIRECT_OBJC_ISA_USAGE = YES_ERROR;
				CLANG_WARN_DOCUMENTATION_COMMENTS = YES;
				CLANG_WARN_EMPTY_BODY = YES;
				CLANG_WARN_ENUM_CONVERSION = YES;
				CLANG_WARN_INFINITE_RECURSION = YES;
				CLANG_WARN_INT_CONVERSION = YES;
				CLANG_WARN_NON_LITERAL_NULL_CONVERSION = YES;
				CLANG_WARN_OBJC_IMPLICIT_RETAIN_SELF = YES;
				CLANG_WARN_OBJC_LITERAL_CONVERSION = YES;
				CLANG_WARN_OBJC_ROOT_CLASS = YES_ERROR;
				CLANG_WARN_QUOTED_INCLUDE_IN_FRAMEWORK_HEADER = YES;
				CLANG_WARN_RANGE_LOOP_ANALYSIS = YES;
				CLANG_WARN_STRICT_PROTOTYPES = YES;
				CLANG_WARN_SUSPICIOUS_MOVE = YES;
				CLANG_WARN_UNGUARDED_AVAILABILITY = YES_AGGRESSIVE;
				CLANG_WARN_UNREACHABLE_CODE = YES;
				CLANG_WARN__DUPLICATE_METHOD_MATCH = YES;
				COPY_PHASE_STRIP = NO;
				DEBUG_INFORMATION_FORMAT = "dwarf-with-dsym";
				ENABLE_NS_ASSERTIONS = NO;
				ENABLE_STRICT_OBJC_MSGSEND = YES;
				GCC_C_LANGUAGE_STANDARD = gnu11;
				GCC_NO_COMMON_BLOCKS = YES;
				GCC_WARN_64_TO_32_BIT_CONVERSION = YES;
				GCC_WARN_ABOUT_RETURN_TYPE = YES_ERROR;
				GCC_WARN_UNDECLARED_SELECTOR = YES;
				GCC_WARN_UNINITIALIZED_AUTOS = YES_AGGRESSIVE;
				GCC_WARN_UNUSED_FUNCTION = YES;
				GCC_WARN_UNUSED_VARIABLE = YES;
				IPHONEOS_DEPLOYMENT_TARGET = 16.2;
				MTL_ENABLE_DEBUG_INFO = NO;
				MTL_FAST_MATH = YES;
				SDKROOT = iphoneos;
				SWIFT_COMPILATION_MODE = wholemodule;
				SWIFT_OPTIMIZATION_LEVEL = "-O";
				VALIDATE_PRODUCT = YES;
			};
			name = Release;
		};
		6B5045C72CAD6414007C96ED /* Debug */ = {
			isa = XCBuildConfiguration;
			buildSettings = {
				ASSETCATALOG_COMPILER_APPICON_NAME = AppIcon;
				ASSETCATALOG_COMPILER_GLOBAL_ACCENT_COLOR_NAME = AccentColor;
				CODE_SIGN_STYLE = Automatic;
				CURRENT_PROJECT_VERSION = 1;
				DEVELOPMENT_ASSET_PATHS = "\"Appetizer/Preview Content\"";
				DEVELOPMENT_TEAM = HDZ2C7R44T;
				ENABLE_PREVIEWS = YES;
				GENERATE_INFOPLIST_FILE = YES;
				INFOPLIST_KEY_UIApplicationSceneManifest_Generation = YES;
				INFOPLIST_KEY_UIApplicationSupportsIndirectInputEvents = YES;
				INFOPLIST_KEY_UILaunchScreen_Generation = YES;
				INFOPLIST_KEY_UISupportedInterfaceOrientations_iPad = "UIInterfaceOrientationPortrait UIInterfaceOrientationPortraitUpsideDown UIInterfaceOrientationLandscapeLeft UIInterfaceOrientationLandscapeRight";
				INFOPLIST_KEY_UISupportedInterfaceOrientations_iPhone = "UIInterfaceOrientationPortrait UIInterfaceOrientationLandscapeLeft UIInterfaceOrientationLandscapeRight";
				LD_RUNPATH_SEARCH_PATHS = (
					"$(inherited)",
					"@executable_path/Frameworks",
				);
				MARKETING_VERSION = 1.0;
				PRODUCT_BUNDLE_IDENTIFIER = com.example.Appetizer;
				PRODUCT_NAME = "$(TARGET_NAME)";
				SWIFT_EMIT_LOC_STRINGS = YES;
				SWIFT_VERSION = 5.0;
				TARGETED_DEVICE_FAMILY = "1,2";
			};
			name = Debug;
		};
		6B5045C82CAD6414007C96ED /* Release */ = {
			isa = XCBuildConfiguration;
			buildSettings = {
				ASSETCATALOG_COMPILER_APPICON_NAME = AppIcon;
				ASSETCATALOG_COMPILER_GLOBAL_ACCENT_COLOR_NAME = AccentColor;
				CODE_SIGN_STYLE = Automatic;
				CURRENT_PROJECT_VERSION = 1;
				DEVELOPMENT_ASSET_PATHS = "\"Appetizer/Preview Content\"";
				DEVELOPMENT_TEAM = HDZ2C7R44T;
				ENABLE_PREVIEWS = YES;
				GENERATE_INFOPLIST_FILE = YES;
				INFOPLIST_KEY_UIApplicationSceneManifest_Generation = YES;
				INFOPLIST_KEY_UIApplicationSupportsIndirectInputEvents = YES;
				INFOPLIST_KEY_UILaunchScreen_Generation = YES;
				INFOPLIST_KEY_UISupportedInterfaceOrientations_iPad = "UIInterfaceOrientationPortrait UIInterfaceOrientationPortraitUpsideDown UIInterfaceOrientationLandscapeLeft UIInterfaceOrientationLandscapeRight";
				INFOPLIST_KEY_UISupportedInterfaceOrientations_iPhone = "UIInterfaceOrientationPortrait UIInterfaceOrientationLandscapeLeft UIInterfaceOrientationLandscapeRight";
				LD_RUNPATH_SEARCH_PATHS = (
					"$(inherited)",
					"@executable_path/Frameworks",
				);
				MARKETING_VERSION = 1.0;
				PRODUCT_BUNDLE_IDENTIFIER = com.example.Appetizer;
				PRODUCT_NAME = "$(TARGET_NAME)";
				SWIFT_EMIT_LOC_STRINGS = YES;
				SWIFT_VERSION = 5.0;
				TARGETED_DEVICE_FAMILY = "1,2";
			};
			name = Release;
		};
/* End XCBuildConfiguration section */

/* Begin XCConfigurationList section */
		6B5045B32CAD6410007C96ED /* Build configuration list for PBXProject "Appetizer" */ = {
			isa = XCConfigurationList;
			buildConfigurations = (
				6B5045C42CAD6414007C96ED /* Debug */,
				6B5045C52CAD6414007C96ED /* Release */,
			);
			defaultConfigurationIsVisible = 0;
			defaultConfigurationName = Release;
		};
		6B5045C62CAD6414007C96ED /* Build configuration list for PBXNativeTarget "Appetizer" */ = {
			isa = XCConfigurationList;
			buildConfigurations = (
				6B5045C72CAD6414007C96ED /* Debug */,
				6B5045C82CAD6414007C96ED /* Release */,
			);
			defaultConfigurationIsVisible = 0;
			defaultConfigurationName = Release;
		};
/* End XCConfigurationList section */
	};
	rootObject = 6B5045B02CAD6410007C96ED /* Project object */;
}
